
Microsoft Visual Studio Solution File, Format Version 12.00
# 17
VisualStudioVersion = 17.0.31903.59
MinimumVisualStudioVersion = 10.0.40219.1
Project("{9A19103F-16F7-4668-BE54-9A1E7A4F7556}") = "ReplaceItemTemplates", "ReplaceItemTemplates\ReplaceItemTemplates.csproj", "{EC8E522B-FD29-4F9B-9B56-6CBC85BB74BC}"
EndProject
Project("{2150E333-8FDC-42A3-9474-1A3956D46DE8}") = "SolutionItems", "SolutionItems", "{FB9E5891-836C-4CEC-A657-D0CA5163B454}"
	ProjectSection(SolutionItems) = preProject
		.gitignore = .gitignore
		LICENSE = LICENSE
		README.md = README.md
	EndProjectSection
EndProject
Global
	GlobalSection(SolutionConfigurationPlatforms) = preSolution
		Debug|Any CPU = Debug|Any CPU
		Release|Any CPU = Release|Any CPU
	EndGlobalSection
	GlobalSection(ProjectConfigurationPlatforms) = postSolution
		{EC8E522B-FD29-4F9B-9B56-6CBC85BB74BC}.Debug|Any CPU.ActiveCfg = Debug|Any CPU
		{EC8E522B-FD29-4F9B-9B56-6CBC85BB74BC}.Debug|Any CPU.Build.0 = Debug|Any CPU
		{EC8E522B-FD29-4F9B-9B56-6CBC85BB74BC}.Release|Any CPU.ActiveCfg = Release|Any CPU
		{EC8E522B-FD29-4F9B-9B56-6CBC85BB74BC}.Release|Any CPU.Build.0 = Release|Any CPU
	EndGlobalSection
	GlobalSection(SolutionProperties) = preSolution
		HideSolutionNode = FALSE
	EndGlobalSection
	GlobalSection(ExtensibilityGlobals) = postSolution
		SolutionGuid = {2CBA5CA3-A505-4918-A373-9DBFA62A848A}
	EndGlobalSection
EndGlobal
